
Microsoft Visual Studio Solution File, Format Version 12.00
# Visual Studio 15
VisualStudioVersion = 15.0.26403.7
MinimumVisualStudioVersion = 10.0.40219.1
Project("{FAE04EC0-301F-11D3-BF4B-00C04F79EFBC}") = "Feincraft.MiniWeb", "Feincraft.MiniWeb\Feincraft.MiniWeb.csproj", "{2599295F-981B-4990-A014-A1AF0C51CF80}"
EndProject
Global
	GlobalSection(SolutionConfigurationPlatforms) = preSolution
		Debug|Any CPU = Debug|Any CPU
		Release|Any CPU = Release|Any CPU
	EndGlobalSection
	GlobalSection(ProjectConfigurationPlatforms) = postSolution
		{2599295F-981B-4990-A014-A1AF0C51CF80}.Debug|Any CPU.ActiveCfg = Debug|Any CPU
		{2599295F-981B-4990-A014-A1AF0C51CF80}.Debug|Any CPU.Build.0 = Debug|Any CPU
		{2599295F-981B-4990-A014-A1AF0C51CF80}.Release|Any CPU.ActiveCfg = Release|Any CPU
		{2599295F-981B-4990-A014-A1AF0C51CF80}.Release|Any CPU.Build.0 = Release|Any CPU
	EndGlobalSection
	GlobalSection(SolutionProperties) = preSolution
		HideSolutionNode = FALSE
	EndGlobalSection
EndGlobal
